# This file is automatically @generated by Poetry 1.8.2 and should not be changed by hand.

[[package]]
name = "pytube"
version = "15.0.0"
description = "Python 3 library for downloading YouTube Videos."
optional = false
python-versions = ">=3.7"
files = [
    {file = "pytube-15.0.0-py3-none-any.whl", hash = "sha256:07b9904749e213485780d7eb606e5e5b8e4341aa4dccf699160876da00e12d78"},
    {file = "pytube-15.0.0.tar.gz", hash = "sha256:076052efe76f390dfa24b1194ff821d4e86c17d41cb5562f3a276a8bcbfc9d1d"},
]

[[package]]
name = "yt-dlp"
version = "2024.11.4"
description = "A feature-rich command-line audio/video downloader"
optional = false
python-versions = ">=3.9"
files = [
    {file = "yt_dlp-2024.11.4-py3-none-any.whl", hash = "sha256:589d51ed9f154624a45c1f0ceb3d68d0d1e2031460e8dbc62139be631c20b388"},
    {file = "yt_dlp-2024.11.4.tar.gz", hash = "sha256:ed204c1b61bc563e134447766d1ab343173540799e13ebb953e887ce7dcf6865"},
]

[package.extras]
build = ["build", "hatchling", "pip", "setuptools (>=71.0.2)", "wheel"]
curl-cffi = ["curl-cffi (==0.5.10)", "curl-cffi (>=0.5.10,!=0.6.*,<0.7.2)"]
default = ["brotli", "brotlicffi", "certifi", "mutagen", "pycryptodomex", "requests (>=2.32.2,<3)", "urllib3 (>=1.26.17,<3)", "websockets (>=13.0)"]
dev = ["autopep8 (>=2.0,<3.0)", "pre-commit", "pytest (>=8.1,<9.0)", "pytest-rerunfailures (>=14.0,<15.0)", "ruff (>=0.7.0,<0.8.0)"]
pyinstaller = ["pyinstaller (>=6.10.0)"]
secretstorage = ["cffi", "secretstorage"]
static-analysis = ["autopep8 (>=2.0,<3.0)", "ruff (>=0.7.0,<0.8.0)"]
test = ["pytest (>=8.1,<9.0)", "pytest-rerunfailures (>=14.0,<15.0)"]

[metadata]
lock-version = "2.0"
python-versions = "^3.12"
content-hash = "0cd64641a7ccf11bbd1cc9d74f2cecc9d58f295234aa1c55f2ffda1253471450"
